// !$*UTF8*$!
{
	archiveVersion = 1;
	classes = {
	};
	objectVersion = 56;
	objects = {

/* Begin PBXBuildFile section */
		A9BFCB812BAF54260048F13C /* BudgetApp.swift in Sources */ = {isa = PBXBuildFile; fileRef = A9BFCB802BAF54260048F13C /* BudgetApp.swift */; };
		A9BFCB832BAF54260048F13C /* ContentView.swift in Sources */ = {isa = PBXBuildFile; fileRef = A9BFCB822BAF54260048F13C /* ContentView.swift */; };
		A9BFCB852BAF54270048F13C /* Assets.xcassets in Resources */ = {isa = PBXBuildFile; fileRef = A9BFCB842BAF54270048F13C /* Assets.xcassets */; };
		A9BFCB8F2BAF551F0048F13C /* JobListings.swift in Sources */ = {isa = PBXBuildFile; fileRef = A9BFCB8E2BAF551F0048F13C /* JobListings.swift */; };
		A9BFCB932BAF56690048F13C /* BudgetSuggestions.swift in Sources */ = {isa = PBXBuildFile; fileRef = A9BFCB922BAF56690048F13C /* BudgetSuggestions.swift */; };
		A9BFCB952BAF57010048F13C /* Settings.swift in Sources */ = {isa = PBXBuildFile; fileRef = A9BFCB942BAF57010048F13C /* Settings.swift */; };
		A9BFCB972BAF57180048F13C /* Home.swift in Sources */ = {isa = PBXBuildFile; fileRef = A9BFCB962BAF57180048F13C /* Home.swift */; };
		A9BFCB9A2BB0B4E10048F13C /* Supabase in Frameworks */ = {isa = PBXBuildFile; productRef = A9BFCB992BB0B4E10048F13C /* Supabase */; };
		A9BFCB9C2BB0B4FA0048F13C /* Supabase.swift in Sources */ = {isa = PBXBuildFile; fileRef = A9BFCB9B2BB0B4FA0048F13C /* Supabase.swift */; };
		A9BFCBA72BB0FAB70048F13C /* Login.swift in Sources */ = {isa = PBXBuildFile; fileRef = A9BFCBA62BB0FAB70048F13C /* Login.swift */; };
		A9BFCBA92BB22FDA0048F13C /* SettingsPage.swift in Sources */ = {isa = PBXBuildFile; fileRef = A9BFCBA82BB22FDA0048F13C /* SettingsPage.swift */; };
		A9BFCBB82BB4BC0D0048F13C /* UIColor.swift in Sources */ = {isa = PBXBuildFile; fileRef = A9BFCBB72BB4BC0D0048F13C /* UIColor.swift */; };
		A9BFCBBA2BB4DAC80048F13C /* GreetingPage.swift in Sources */ = {isa = PBXBuildFile; fileRef = A9BFCBB92BB4DAC80048F13C /* GreetingPage.swift */; };
		A9BFCBBD2BB4DB900048F13C /* PotentialProfits.swift in Sources */ = {isa = PBXBuildFile; fileRef = A9BFCBBC2BB4DB900048F13C /* PotentialProfits.swift */; };
		A9BFCBC02BB4DBD70048F13C /* SwipeBar.swift in Sources */ = {isa = PBXBuildFile; fileRef = A9BFCBBF2BB4DBD70048F13C /* SwipeBar.swift */; };
		A9BFCBC22BB4E4080048F13C /* Models.swift in Sources */ = {isa = PBXBuildFile; fileRef = A9BFCBC12BB4E4080048F13C /* Models.swift */; };
		A9BFCBC42BB661590048F13C /* NumberBox.swift in Sources */ = {isa = PBXBuildFile; fileRef = A9BFCBC32BB661590048F13C /* NumberBox.swift */; };
		A9BFCBC62BB670EC0048F13C /* ProgressBar.swift in Sources */ = {isa = PBXBuildFile; fileRef = A9BFCBC52BB670EC0048F13C /* ProgressBar.swift */; };
/* End PBXBuildFile section */

/* Begin PBXFileReference section */
		A9BFCB7D2BAF54260048F13C /* Budget.app */ = {isa = PBXFileReference; explicitFileType = wrapper.application; includeInIndex = 0; path = Budget.app; sourceTree = BUILT_PRODUCTS_DIR; };
		A9BFCB802BAF54260048F13C /* BudgetApp.swift */ = {isa = PBXFileReference; lastKnownFileType = sourcecode.swift; path = BudgetApp.swift; sourceTree = "<group>"; };
		A9BFCB822BAF54260048F13C /* ContentView.swift */ = {isa = PBXFileReference; lastKnownFileType = sourcecode.swift; path = ContentView.swift; sourceTree = "<group>"; };
		A9BFCB842BAF54270048F13C /* Assets.xcassets */ = {isa = PBXFileReference; lastKnownFileType = folder.assetcatalog; path = Assets.xcassets; sourceTree = "<group>"; };
		A9BFCB8E2BAF551F0048F13C /* JobListings.swift */ = {isa = PBXFileReference; lastKnownFileType = sourcecode.swift; path = JobListings.swift; sourceTree = "<group>"; };
		A9BFCB922BAF56690048F13C /* BudgetSuggestions.swift */ = {isa = PBXFileReference; lastKnownFileType = sourcecode.swift; path = BudgetSuggestions.swift; sourceTree = "<group>"; };
		A9BFCB942BAF57010048F13C /* Settings.swift */ = {isa = PBXFileReference; lastKnownFileType = sourcecode.swift; path = Settings.swift; sourceTree = "<group>"; };
		A9BFCB962BAF57180048F13C /* Home.swift */ = {isa = PBXFileReference; lastKnownFileType = sourcecode.swift; path = Home.swift; sourceTree = "<group>"; };
		A9BFCB9B2BB0B4FA0048F13C /* Supabase.swift */ = {isa = PBXFileReference; lastKnownFileType = sourcecode.swift; path = Supabase.swift; sourceTree = "<group>"; };
		A9BFCB9F2BB0B6120048F13C /* Info.plist */ = {isa = PBXFileReference; lastKnownFileType = text.plist; path = Info.plist; sourceTree = "<group>"; };
		A9BFCBA62BB0FAB70048F13C /* Login.swift */ = {isa = PBXFileReference; lastKnownFileType = sourcecode.swift; path = Login.swift; sourceTree = "<group>"; };
		A9BFCBA82BB22FDA0048F13C /* SettingsPage.swift */ = {isa = PBXFileReference; lastKnownFileType = sourcecode.swift; path = SettingsPage.swift; sourceTree = "<group>"; };
		A9BFCBB72BB4BC0D0048F13C /* UIColor.swift */ = {isa = PBXFileReference; lastKnownFileType = sourcecode.swift; path = UIColor.swift; sourceTree = "<group>"; };
		A9BFCBB92BB4DAC80048F13C /* GreetingPage.swift */ = {isa = PBXFileReference; lastKnownFileType = sourcecode.swift; path = GreetingPage.swift; sourceTree = "<group>"; };
		A9BFCBBC2BB4DB900048F13C /* PotentialProfits.swift */ = {isa = PBXFileReference; lastKnownFileType = sourcecode.swift; path = PotentialProfits.swift; sourceTree = "<group>"; };
		A9BFCBBF2BB4DBD70048F13C /* SwipeBar.swift */ = {isa = PBXFileReference; lastKnownFileType = sourcecode.swift; path = SwipeBar.swift; sourceTree = "<group>"; };
		A9BFCBC12BB4E4080048F13C /* Models.swift */ = {isa = PBXFileReference; lastKnownFileType = sourcecode.swift; path = Models.swift; sourceTree = "<group>"; };
		A9BFCBC32BB661590048F13C /* NumberBox.swift */ = {isa = PBXFileReference; lastKnownFileType = sourcecode.swift; path = NumberBox.swift; sourceTree = "<group>"; };
		A9BFCBC52BB670EC0048F13C /* ProgressBar.swift */ = {isa = PBXFileReference; lastKnownFileType = sourcecode.swift; path = ProgressBar.swift; sourceTree = "<group>"; };
/* End PBXFileReference section */

/* Begin PBXFrameworksBuildPhase section */
		A9BFCB7A2BAF54260048F13C /* Frameworks */ = {
			isa = PBXFrameworksBuildPhase;
			buildActionMask = 2147483647;
			files = (
				A9BFCB9A2BB0B4E10048F13C /* Supabase in Frameworks */,
			);
			runOnlyForDeploymentPostprocessing = 0;
		};
/* End PBXFrameworksBuildPhase section */

/* Begin PBXGroup section */
		A9BFCB742BAF54260048F13C = {
			isa = PBXGroup;
			children = (
				A9BFCB7F2BAF54260048F13C /* Budget */,
				A9BFCB7E2BAF54260048F13C /* Products */,
			);
			sourceTree = "<group>";
		};
		A9BFCB7E2BAF54260048F13C /* Products */ = {
			isa = PBXGroup;
			children = (
				A9BFCB7D2BAF54260048F13C /* Budget.app */,
			);
			name = Products;
			sourceTree = "<group>";
		};
		A9BFCB7F2BAF54260048F13C /* Budget */ = {
			isa = PBXGroup;
			children = (
				A9BFCB9F2BB0B6120048F13C /* Info.plist */,
				A9BFCB802BAF54260048F13C /* BudgetApp.swift */,
				A9BFCB822BAF54260048F13C /* ContentView.swift */,
				A9BFCBBB2BB4DB320048F13C /* Home */,
				A9BFCBB22BB27A210048F13C /* Settings */,
				A9BFCB922BAF56690048F13C /* BudgetSuggestions.swift */,
				A9BFCB8E2BAF551F0048F13C /* JobListings.swift */,
				A9BFCBB72BB4BC0D0048F13C /* UIColor.swift */,
				A9BFCB9B2BB0B4FA0048F13C /* Supabase.swift */,
				A9BFCBB12BB27A040048F13C /* Preview Content */,
			);
			path = Budget;
			sourceTree = "<group>";
		};
		A9BFCBB12BB27A040048F13C /* Preview Content */ = {
			isa = PBXGroup;
			children = (
				A9BFCB842BAF54270048F13C /* Assets.xcassets */,
			);
			path = "Preview Content";
			sourceTree = "<group>";
		};
		A9BFCBB22BB27A210048F13C /* Settings */ = {
			isa = PBXGroup;
			children = (
				A9BFCBA82BB22FDA0048F13C /* SettingsPage.swift */,
				A9BFCB942BAF57010048F13C /* Settings.swift */,
				A9BFCBA62BB0FAB70048F13C /* Login.swift */,
			);
			path = Settings;
			sourceTree = "<group>";
		};
		A9BFCBBB2BB4DB320048F13C /* Home */ = {
			isa = PBXGroup;
			children = (
				A9BFCBBE2BB4DBB20048F13C /* Components */,
				A9BFCB962BAF57180048F13C /* Home.swift */,
				A9BFCBB92BB4DAC80048F13C /* GreetingPage.swift */,
				A9BFCBBC2BB4DB900048F13C /* PotentialProfits.swift */,
				A9BFCBC12BB4E4080048F13C /* Models.swift */,
			);
			path = Home;
			sourceTree = "<group>";
		};
		A9BFCBBE2BB4DBB20048F13C /* Components */ = {
			isa = PBXGroup;
			children = (
				A9BFCBBF2BB4DBD70048F13C /* SwipeBar.swift */,
				A9BFCBC32BB661590048F13C /* NumberBox.swift */,
				A9BFCBC52BB670EC0048F13C /* ProgressBar.swift */,
			);
			path = Components;
			sourceTree = "<group>";
		};
/* End PBXGroup section */

/* Begin PBXNativeTarget section */
		A9BFCB7C2BAF54260048F13C /* Budget */ = {
			isa = PBXNativeTarget;
			buildConfigurationList = A9BFCB8B2BAF54270048F13C /* Build configuration list for PBXNativeTarget "Budget" */;
			buildPhases = (
				A9BFCB792BAF54260048F13C /* Sources */,
				A9BFCB7A2BAF54260048F13C /* Frameworks */,
				A9BFCB7B2BAF54260048F13C /* Resources */,
			);
			buildRules = (
			);
			dependencies = (
			);
			name = Budget;
			packageProductDependencies = (
				A9BFCB992BB0B4E10048F13C /* Supabase */,
			);
			productName = Budget;
			productReference = A9BFCB7D2BAF54260048F13C /* Budget.app */;
			productType = "com.apple.product-type.application";
		};
/* End PBXNativeTarget section */

/* Begin PBXProject section */
		A9BFCB752BAF54260048F13C /* Project object */ = {
			isa = PBXProject;
			attributes = {
				BuildIndependentTargetsInParallel = 1;
				LastSwiftUpdateCheck = 1530;
				LastUpgradeCheck = 1530;
				TargetAttributes = {
					A9BFCB7C2BAF54260048F13C = {
						CreatedOnToolsVersion = 15.3;
					};
				};
			};
			buildConfigurationList = A9BFCB782BAF54260048F13C /* Build configuration list for PBXProject "Budget" */;
			compatibilityVersion = "Xcode 14.0";
			developmentRegion = en;
			hasScannedForEncodings = 0;
			knownRegions = (
				en,
				Base,
			);
			mainGroup = A9BFCB742BAF54260048F13C;
			packageReferences = (
				A9BFCB982BB0B4E10048F13C /* XCRemoteSwiftPackageReference "supabase-swift" */,
			);
			productRefGroup = A9BFCB7E2BAF54260048F13C /* Products */;
			projectDirPath = "";
			projectRoot = "";
			targets = (
				A9BFCB7C2BAF54260048F13C /* Budget */,
			);
		};
/* End PBXProject section */

/* Begin PBXResourcesBuildPhase section */
		A9BFCB7B2BAF54260048F13C /* Resources */ = {
			isa = PBXResourcesBuildPhase;
			buildActionMask = 2147483647;
			files = (
				A9BFCB852BAF54270048F13C /* Assets.xcassets in Resources */,
			);
			runOnlyForDeploymentPostprocessing = 0;
		};
/* End PBXResourcesBuildPhase section */

/* Begin PBXSourcesBuildPhase section */
		A9BFCB792BAF54260048F13C /* Sources */ = {
			isa = PBXSourcesBuildPhase;
			buildActionMask = 2147483647;
			files = (
				A9BFCBC02BB4DBD70048F13C /* SwipeBar.swift in Sources */,
				A9BFCB9C2BB0B4FA0048F13C /* Supabase.swift in Sources */,
				A9BFCBBA2BB4DAC80048F13C /* GreetingPage.swift in Sources */,
				A9BFCB932BAF56690048F13C /* BudgetSuggestions.swift in Sources */,
				A9BFCB832BAF54260048F13C /* ContentView.swift in Sources */,
				A9BFCB8F2BAF551F0048F13C /* JobListings.swift in Sources */,
				A9BFCBC62BB670EC0048F13C /* ProgressBar.swift in Sources */,
				A9BFCBBD2BB4DB900048F13C /* PotentialProfits.swift in Sources */,
				A9BFCBC42BB661590048F13C /* NumberBox.swift in Sources */,
				A9BFCBA92BB22FDA0048F13C /* SettingsPage.swift in Sources */,
				A9BFCB812BAF54260048F13C /* BudgetApp.swift in Sources */,
				A9BFCB972BAF57180048F13C /* Home.swift in Sources */,
				A9BFCB952BAF57010048F13C /* Settings.swift in Sources */,
				A9BFCBB82BB4BC0D0048F13C /* UIColor.swift in Sources */,
				A9BFCBC22BB4E4080048F13C /* Models.swift in Sources */,
				A9BFCBA72BB0FAB70048F13C /* Login.swift in Sources */,
			);
			runOnlyForDeploymentPostprocessing = 0;
		};
/* End PBXSourcesBuildPhase section */

/* Begin XCBuildConfiguration section */
		A9BFCB892BAF54270048F13C /* Debug */ = {
			isa = XCBuildConfiguration;
			buildSettings = {
				ALWAYS_SEARCH_USER_PATHS = NO;
				ASSETCATALOG_COMPILER_GENERATE_SWIFT_ASSET_SYMBOL_EXTENSIONS = YES;
				CLANG_ANALYZER_NONNULL = YES;
				CLANG_ANALYZER_NUMBER_OBJECT_CONVERSION = YES_AGGRESSIVE;
				CLANG_CXX_LANGUAGE_STANDARD = "gnu++20";
				CLANG_ENABLE_MODULES = YES;
				CLANG_ENABLE_OBJC_ARC = YES;
				CLANG_ENABLE_OBJC_WEAK = YES;
				CLANG_WARN_BLOCK_CAPTURE_AUTORELEASING = YES;
				CLANG_WARN_BOOL_CONVERSION = YES;
				CLANG_WARN_COMMA = YES;
				CLANG_WARN_CONSTANT_CONVERSION = YES;
				CLANG_WARN_DEPRECATED_OBJC_IMPLEMENTATIONS = YES;
				CLANG_WARN_DIRECT_OBJC_ISA_USAGE = YES_ERROR;
				CLANG_WARN_DOCUMENTATION_COMMENTS = YES;
				CLANG_WARN_EMPTY_BODY = YES;
				CLANG_WARN_ENUM_CONVERSION = YES;
				CLANG_WARN_INFINITE_RECURSION = YES;
				CLANG_WARN_INT_CONVERSION = YES;
				CLANG_WARN_NON_LITERAL_NULL_CONVERSION = YES;
				CLANG_WARN_OBJC_IMPLICIT_RETAIN_SELF = YES;
				CLANG_WARN_OBJC_LITERAL_CONVERSION = YES;
				CLANG_WARN_OBJC_ROOT_CLASS = YES_ERROR;
				CLANG_WARN_QUOTED_INCLUDE_IN_FRAMEWORK_HEADER = YES;
				CLANG_WARN_RANGE_LOOP_ANALYSIS = YES;
				CLANG_WARN_STRICT_PROTOTYPES = YES;
				CLANG_WARN_SUSPICIOUS_MOVE = YES;
				CLANG_WARN_UNGUARDED_AVAILABILITY = YES_AGGRESSIVE;
				CLANG_WARN_UNREACHABLE_CODE = YES;
				CLANG_WARN__DUPLICATE_METHOD_MATCH = YES;
				COPY_PHASE_STRIP = NO;
				DEBUG_INFORMATION_FORMAT = dwarf;
				ENABLE_STRICT_OBJC_MSGSEND = YES;
				ENABLE_TESTABILITY = YES;
				ENABLE_USER_SCRIPT_SANDBOXING = YES;
				GCC_C_LANGUAGE_STANDARD = gnu17;
				GCC_DYNAMIC_NO_PIC = NO;
				GCC_NO_COMMON_BLOCKS = YES;
				GCC_OPTIMIZATION_LEVEL = 0;
				GCC_PREPROCESSOR_DEFINITIONS = (
					"DEBUG=1",
					"$(inherited)",
				);
				GCC_WARN_64_TO_32_BIT_CONVERSION = YES;
				GCC_WARN_ABOUT_RETURN_TYPE = YES_ERROR;
				GCC_WARN_UNDECLARED_SELECTOR = YES;
				GCC_WARN_UNINITIALIZED_AUTOS = YES_AGGRESSIVE;
				GCC_WARN_UNUSED_FUNCTION = YES;
				GCC_WARN_UNUSED_VARIABLE = YES;
				IPHONEOS_DEPLOYMENT_TARGET = 17.4;
				LOCALIZATION_PREFERS_STRING_CATALOGS = YES;
				MTL_ENABLE_DEBUG_INFO = INCLUDE_SOURCE;
				MTL_FAST_MATH = YES;
				ONLY_ACTIVE_ARCH = YES;
				SDKROOT = iphoneos;
				SWIFT_ACTIVE_COMPILATION_CONDITIONS = "DEBUG $(inherited)";
				SWIFT_OPTIMIZATION_LEVEL = "-Onone";
			};
			name = Debug;
		};
		A9BFCB8A2BAF54270048F13C /* Release */ = {
			isa = XCBuildConfiguration;
			buildSettings = {
				ALWAYS_SEARCH_USER_PATHS = NO;
				ASSETCATALOG_COMPILER_GENERATE_SWIFT_ASSET_SYMBOL_EXTENSIONS = YES;
				CLANG_ANALYZER_NONNULL = YES;
				CLANG_ANALYZER_NUMBER_OBJECT_CONVERSION = YES_AGGRESSIVE;
				CLANG_CXX_LANGUAGE_STANDARD = "gnu++20";
				CLANG_ENABLE_MODULES = YES;
				CLANG_ENABLE_OBJC_ARC = YES;
				CLANG_ENABLE_OBJC_WEAK = YES;
				CLANG_WARN_BLOCK_CAPTURE_AUTORELEASING = YES;
				CLANG_WARN_BOOL_CONVERSION = YES;
				CLANG_WARN_COMMA = YES;
				CLANG_WARN_CONSTANT_CONVERSION = YES;
				CLANG_WARN_DEPRECATED_OBJC_IMPLEMENTATIONS = YES;
				CLANG_WARN_DIRECT_OBJC_ISA_USAGE = YES_ERROR;
				CLANG_WARN_DOCUMENTATION_COMMENTS = YES;
				CLANG_WARN_EMPTY_BODY = YES;
				CLANG_WARN_ENUM_CONVERSION = YES;
				CLANG_WARN_INFINITE_RECURSION = YES;
				CLANG_WARN_INT_CONVERSION = YES;
				CLANG_WARN_NON_LITERAL_NULL_CONVERSION = YES;
				CLANG_WARN_OBJC_IMPLICIT_RETAIN_SELF = YES;
				CLANG_WARN_OBJC_LITERAL_CONVERSION = YES;
				CLANG_WARN_OBJC_ROOT_CLASS = YES_ERROR;
				CLANG_WARN_QUOTED_INCLUDE_IN_FRAMEWORK_HEADER = YES;
				CLANG_WARN_RANGE_LOOP_ANALYSIS = YES;
				CLANG_WARN_STRICT_PROTOTYPES = YES;
				CLANG_WARN_SUSPICIOUS_MOVE = YES;
				CLANG_WARN_UNGUARDED_AVAILABILITY = YES_AGGRESSIVE;
				CLANG_WARN_UNREACHABLE_CODE = YES;
				CLANG_WARN__DUPLICATE_METHOD_MATCH = YES;
				COPY_PHASE_STRIP = NO;
				DEBUG_INFORMATION_FORMAT = "dwarf-with-dsym";
				ENABLE_NS_ASSERTIONS = NO;
				ENABLE_STRICT_OBJC_MSGSEND = YES;
				ENABLE_USER_SCRIPT_SANDBOXING = YES;
				GCC_C_LANGUAGE_STANDARD = gnu17;
				GCC_NO_COMMON_BLOCKS = YES;
				GCC_WARN_64_TO_32_BIT_CONVERSION = YES;
				GCC_WARN_ABOUT_RETURN_TYPE = YES_ERROR;
				GCC_WARN_UNDECLARED_SELECTOR = YES;
				GCC_WARN_UNINITIALIZED_AUTOS = YES_AGGRESSIVE;
				GCC_WARN_UNUSED_FUNCTION = YES;
				GCC_WARN_UNUSED_VARIABLE = YES;
				IPHONEOS_DEPLOYMENT_TARGET = 17.4;
				LOCALIZATION_PREFERS_STRING_CATALOGS = YES;
				MTL_ENABLE_DEBUG_INFO = NO;
				MTL_FAST_MATH = YES;
				SDKROOT = iphoneos;
				SWIFT_COMPILATION_MODE = wholemodule;
				VALIDATE_PRODUCT = YES;
			};
			name = Release;
		};
		A9BFCB8C2BAF54270048F13C /* Debug */ = {
			isa = XCBuildConfiguration;
			buildSettings = {
				ASSETCATALOG_COMPILER_APPICON_NAME = AppIcon;
				ASSETCATALOG_COMPILER_GLOBAL_ACCENT_COLOR_NAME = AccentColor;
				CODE_SIGN_STYLE = Automatic;
				CURRENT_PROJECT_VERSION = 1;
				DEVELOPMENT_ASSET_PATHS = "\"Budget/Preview Content\"";
				DEVELOPMENT_TEAM = LWM3T489YC;
				ENABLE_PREVIEWS = YES;
				GENERATE_INFOPLIST_FILE = YES;
				INFOPLIST_FILE = Budget/Info.plist;
				INFOPLIST_KEY_UIApplicationSceneManifest_Generation = YES;
				INFOPLIST_KEY_UIApplicationSupportsIndirectInputEvents = YES;
				INFOPLIST_KEY_UILaunchScreen_Generation = YES;
				INFOPLIST_KEY_UISupportedInterfaceOrientations_iPad = "UIInterfaceOrientationPortrait UIInterfaceOrientationPortraitUpsideDown UIInterfaceOrientationLandscapeLeft UIInterfaceOrientationLandscapeRight";
				INFOPLIST_KEY_UISupportedInterfaceOrientations_iPhone = "UIInterfaceOrientationPortrait UIInterfaceOrientationLandscapeLeft UIInterfaceOrientationLandscapeRight";
				LD_RUNPATH_SEARCH_PATHS = (
					"$(inherited)",
					"@executable_path/Frameworks",
				);
				MARKETING_VERSION = 1.0;
				PRODUCT_BUNDLE_IDENTIFIER = com.willanderson.Budget;
				PRODUCT_NAME = "$(TARGET_NAME)";
				SWIFT_EMIT_LOC_STRINGS = YES;
				SWIFT_VERSION = 5.0;
				TARGETED_DEVICE_FAMILY = "1,2";
			};
			name = Debug;
		};
		A9BFCB8D2BAF54270048F13C /* Release */ = {
			isa = XCBuildConfiguration;
			buildSettings = {
				ASSETCATALOG_COMPILER_APPICON_NAME = AppIcon;
				ASSETCATALOG_COMPILER_GLOBAL_ACCENT_COLOR_NAME = AccentColor;
				CODE_SIGN_STYLE = Automatic;
				CURRENT_PROJECT_VERSION = 1;
				DEVELOPMENT_ASSET_PATHS = "\"Budget/Preview Content\"";
				DEVELOPMENT_TEAM = LWM3T489YC;
				ENABLE_PREVIEWS = YES;
				GENERATE_INFOPLIST_FILE = YES;
				INFOPLIST_FILE = Budget/Info.plist;
				INFOPLIST_KEY_UIApplicationSceneManifest_Generation = YES;
				INFOPLIST_KEY_UIApplicationSupportsIndirectInputEvents = YES;
				INFOPLIST_KEY_UILaunchScreen_Generation = YES;
				INFOPLIST_KEY_UISupportedInterfaceOrientations_iPad = "UIInterfaceOrientationPortrait UIInterfaceOrientationPortraitUpsideDown UIInterfaceOrientationLandscapeLeft UIInterfaceOrientationLandscapeRight";
				INFOPLIST_KEY_UISupportedInterfaceOrientations_iPhone = "UIInterfaceOrientationPortrait UIInterfaceOrientationLandscapeLeft UIInterfaceOrientationLandscapeRight";
				LD_RUNPATH_SEARCH_PATHS = (
					"$(inherited)",
					"@executable_path/Frameworks",
				);
				MARKETING_VERSION = 1.0;
				PRODUCT_BUNDLE_IDENTIFIER = com.willanderson.Budget;
				PRODUCT_NAME = "$(TARGET_NAME)";
				SWIFT_EMIT_LOC_STRINGS = YES;
				SWIFT_VERSION = 5.0;
				TARGETED_DEVICE_FAMILY = "1,2";
			};
			name = Release;
		};
/* End XCBuildConfiguration section */

/* Begin XCConfigurationList section */
		A9BFCB782BAF54260048F13C /* Build configuration list for PBXProject "Budget" */ = {
			isa = XCConfigurationList;
			buildConfigurations = (
				A9BFCB892BAF54270048F13C /* Debug */,
				A9BFCB8A2BAF54270048F13C /* Release */,
			);
			defaultConfigurationIsVisible = 0;
			defaultConfigurationName = Release;
		};
		A9BFCB8B2BAF54270048F13C /* Build configuration list for PBXNativeTarget "Budget" */ = {
			isa = XCConfigurationList;
			buildConfigurations = (
				A9BFCB8C2BAF54270048F13C /* Debug */,
				A9BFCB8D2BAF54270048F13C /* Release */,
			);
			defaultConfigurationIsVisible = 0;
			defaultConfigurationName = Release;
		};
/* End XCConfigurationList section */

/* Begin XCRemoteSwiftPackageReference section */
		A9BFCB982BB0B4E10048F13C /* XCRemoteSwiftPackageReference "supabase-swift" */ = {
			isa = XCRemoteSwiftPackageReference;
			repositoryURL = "https://github.com/supabase-community/supabase-swift";
			requirement = {
				kind = upToNextMajorVersion;
				minimumVersion = 2.4.0;
			};
		};
/* End XCRemoteSwiftPackageReference section */

/* Begin XCSwiftPackageProductDependency section */
		A9BFCB992BB0B4E10048F13C /* Supabase */ = {
			isa = XCSwiftPackageProductDependency;
			package = A9BFCB982BB0B4E10048F13C /* XCRemoteSwiftPackageReference "supabase-swift" */;
			productName = Supabase;
		};
/* End XCSwiftPackageProductDependency section */
	};
	rootObject = A9BFCB752BAF54260048F13C /* Project object */;
}
